
Microsoft Visual Studio Solution File, Format Version 12.00
# Visual Studio Version 17
VisualStudioVersion = 17.2.32516.85
MinimumVisualStudioVersion = 10.0.40219.1
Project("{9A19103F-16F7-4668-BE54-9A1E7A4F7556}") = "cour-order-service", "cour-order-service.csproj", "{EB401BA3-FF79-4BA5-A7C8-4EA97AEFB427}"
EndProject
Project("{FAE04EC0-301F-11D3-BF4B-00C04F79EFBC}") = "Tests", "Tests\Tests.csproj", "{AF7F6D34-CAC2-4C82-8170-D46756527BE0}"
EndProject
Global
	GlobalSection(SolutionConfigurationPlatforms) = preSolution
		Debug|Any CPU = Debug|Any CPU
		Release|Any CPU = Release|Any CPU
	EndGlobalSection
	GlobalSection(ProjectConfigurationPlatforms) = postSolution
		{EB401BA3-FF79-4BA5-A7C8-4EA97AEFB427}.Debug|Any CPU.ActiveCfg = Debug|Any CPU
		{EB401BA3-FF79-4BA5-A7C8-4EA97AEFB427}.Debug|Any CPU.Build.0 = Debug|Any CPU
		{EB401BA3-FF79-4BA5-A7C8-4EA97AEFB427}.Release|Any CPU.ActiveCfg = Release|Any CPU
		{EB401BA3-FF79-4BA5-A7C8-4EA97AEFB427}.Release|Any CPU.Build.0 = Release|Any CPU
		{AF7F6D34-CAC2-4C82-8170-D46756527BE0}.Debug|Any CPU.ActiveCfg = Debug|Any CPU
		{AF7F6D34-CAC2-4C82-8170-D46756527BE0}.Debug|Any CPU.Build.0 = Debug|Any CPU
		{AF7F6D34-CAC2-4C82-8170-D46756527BE0}.Release|Any CPU.ActiveCfg = Release|Any CPU
		{AF7F6D34-CAC2-4C82-8170-D46756527BE0}.Release|Any CPU.Build.0 = Release|Any CPU
	EndGlobalSection
	GlobalSection(SolutionProperties) = preSolution
		HideSolutionNode = FALSE
	EndGlobalSection
	GlobalSection(ExtensibilityGlobals) = postSolution
		SolutionGuid = {7F1706F7-CEE5-4337-8ED1-EEAA1821E1D1}
	EndGlobalSection
EndGlobal
